
Microsoft Visual Studio Solution File, Format Version 12.00
# Visual Studio 15
VisualStudioVersion = 15.0.27703.2000
MinimumVisualStudioVersion = 10.0.40219.1
Project("{9A19103F-16F7-4668-BE54-9A1E7A4F7556}") = "TwitchySpan", "TwitchySpan.csproj", "{FA297B01-FE77-4C94-B5F9-B1AEA4D5B629}"
EndProject
Global
	GlobalSection(SolutionConfigurationPlatforms) = preSolution
		Debug|Any CPU = Debug|Any CPU
		Release|Any CPU = Release|Any CPU
	EndGlobalSection
	GlobalSection(ProjectConfigurationPlatforms) = postSolution
		{FA297B01-FE77-4C94-B5F9-B1AEA4D5B629}.Debug|Any CPU.ActiveCfg = Debug|Any CPU
		{FA297B01-FE77-4C94-B5F9-B1AEA4D5B629}.Debug|Any CPU.Build.0 = Debug|Any CPU
		{FA297B01-FE77-4C94-B5F9-B1AEA4D5B629}.Release|Any CPU.ActiveCfg = Release|Any CPU
		{FA297B01-FE77-4C94-B5F9-B1AEA4D5B629}.Release|Any CPU.Build.0 = Release|Any CPU
	EndGlobalSection
	GlobalSection(SolutionProperties) = preSolution
		HideSolutionNode = FALSE
	EndGlobalSection
	GlobalSection(ExtensibilityGlobals) = postSolution
		SolutionGuid = {FAC85B0D-1C26-449D-97FB-5CD0CFA4DBA8}
	EndGlobalSection
EndGlobal
